
Microsoft Visual Studio Solution File, Format Version 12.00
# Visual Studio 14
VisualStudioVersion = 14.0.25420.1
MinimumVisualStudioVersion = 10.0.40219.1
Project("{2150E333-8FDC-42A3-9474-1A3956D46DE8}") = "src", "src", "{E669A9B7-4345-4F20-BAB9-CBA852DBD04D}"
EndProject
Project("{2150E333-8FDC-42A3-9474-1A3956D46DE8}") = "Solution Items", "Solution Items", "{827487C7-176B-484C-ABA1-726F2E46BCDE}"
	ProjectSection(SolutionItems) = preProject
		global.json = global.json
	EndProjectSection
EndProject
Project("{8BB2217D-0F2D-49D1-97BC-3654ED321F3B}") = "HotelApp", "src\HotelApp\HotelApp.xproj", "{4AA19480-F416-44AF-A05E-91D50115AD5B}"
EndProject
Global
	GlobalSection(SolutionConfigurationPlatforms) = preSolution
		Debug|Any CPU = Debug|Any CPU
		Release|Any CPU = Release|Any CPU
	EndGlobalSection
	GlobalSection(ProjectConfigurationPlatforms) = postSolution
		{4AA19480-F416-44AF-A05E-91D50115AD5B}.Debug|Any CPU.ActiveCfg = Debug|Any CPU
		{4AA19480-F416-44AF-A05E-91D50115AD5B}.Debug|Any CPU.Build.0 = Debug|Any CPU
		{4AA19480-F416-44AF-A05E-91D50115AD5B}.Release|Any CPU.ActiveCfg = Release|Any CPU
		{4AA19480-F416-44AF-A05E-91D50115AD5B}.Release|Any CPU.Build.0 = Release|Any CPU
	EndGlobalSection
	GlobalSection(SolutionProperties) = preSolution
		HideSolutionNode = FALSE
	EndGlobalSection
	GlobalSection(NestedProjects) = preSolution
		{4AA19480-F416-44AF-A05E-91D50115AD5B} = {E669A9B7-4345-4F20-BAB9-CBA852DBD04D}
	EndGlobalSection
EndGlobal
